
Microsoft Visual Studio Solution File, Format Version 12.00
# Visual Studio Version 17
VisualStudioVersion = 17.3.32929.385
MinimumVisualStudioVersion = 10.0.40219.1
Project("{FAE04EC0-301F-11D3-BF4B-00C04F79EFBC}") = "Gym", "Gym.csproj", "{ABA25A74-0887-422D-AE32-7ED7512FF019}"
EndProject
Global
	GlobalSection(SolutionConfigurationPlatforms) = preSolution
		Debug|Any CPU = Debug|Any CPU
		Release|Any CPU = Release|Any CPU
	EndGlobalSection
	GlobalSection(ProjectConfigurationPlatforms) = postSolution
		{ABA25A74-0887-422D-AE32-7ED7512FF019}.Debug|Any CPU.ActiveCfg = Debug|Any CPU
		{ABA25A74-0887-422D-AE32-7ED7512FF019}.Debug|Any CPU.Build.0 = Debug|Any CPU
		{ABA25A74-0887-422D-AE32-7ED7512FF019}.Release|Any CPU.ActiveCfg = Release|Any CPU
		{ABA25A74-0887-422D-AE32-7ED7512FF019}.Release|Any CPU.Build.0 = Release|Any CPU
	EndGlobalSection
	GlobalSection(SolutionProperties) = preSolution
		HideSolutionNode = FALSE
	EndGlobalSection
	GlobalSection(ExtensibilityGlobals) = postSolution
		SolutionGuid = {ECF91A38-66B5-473A-AF8A-CC16D3DA81A0}
	EndGlobalSection
EndGlobal
